
Microsoft Visual Studio Solution File, Format Version 12.00
# Visual Studio 15
VisualStudioVersion = 15.0.26730.3
MinimumVisualStudioVersion = 10.0.40219.1
Project("{9A19103F-16F7-4668-BE54-9A1E7A4F7556}") = "UECMS", "UECMS\UECMS.csproj", "{1F5E4B38-4630-4F44-A7DA-9DA9E5118451}"
EndProject
Global
	GlobalSection(SolutionConfigurationPlatforms) = preSolution
		Debug|Any CPU = Debug|Any CPU
		Release|Any CPU = Release|Any CPU
	EndGlobalSection
	GlobalSection(ProjectConfigurationPlatforms) = postSolution
		{1F5E4B38-4630-4F44-A7DA-9DA9E5118451}.Debug|Any CPU.ActiveCfg = Debug|Any CPU
		{1F5E4B38-4630-4F44-A7DA-9DA9E5118451}.Debug|Any CPU.Build.0 = Debug|Any CPU
		{1F5E4B38-4630-4F44-A7DA-9DA9E5118451}.Release|Any CPU.ActiveCfg = Release|Any CPU
		{1F5E4B38-4630-4F44-A7DA-9DA9E5118451}.Release|Any CPU.Build.0 = Release|Any CPU
	EndGlobalSection
	GlobalSection(SolutionProperties) = preSolution
		HideSolutionNode = FALSE
	EndGlobalSection
	GlobalSection(ExtensibilityGlobals) = postSolution
		SolutionGuid = {F39E1ABB-9532-4116-8389-8049D93B0921}
	EndGlobalSection
EndGlobal
